
Microsoft Visual Studio Solution File, Format Version 12.00
# Visual Studio 14
VisualStudioVersion = 14.0.25420.1
MinimumVisualStudioVersion = 10.0.40219.1
Project("{9092AA53-FB77-4645-B42D-1CCCA6BD08BD}") = "NodeJSArduino", "NodeJSArduino\NodeJSArduino.njsproj", "{D24552EC-44AB-4893-BD01-D9F418D14659}"
EndProject
Global
	GlobalSection(SolutionConfigurationPlatforms) = preSolution
		Debug|Any CPU = Debug|Any CPU
		Release|Any CPU = Release|Any CPU
	EndGlobalSection
	GlobalSection(ProjectConfigurationPlatforms) = postSolution
		{D24552EC-44AB-4893-BD01-D9F418D14659}.Debug|Any CPU.ActiveCfg = Debug|Any CPU
		{D24552EC-44AB-4893-BD01-D9F418D14659}.Debug|Any CPU.Build.0 = Debug|Any CPU
		{D24552EC-44AB-4893-BD01-D9F418D14659}.Release|Any CPU.ActiveCfg = Release|Any CPU
		{D24552EC-44AB-4893-BD01-D9F418D14659}.Release|Any CPU.Build.0 = Release|Any CPU
	EndGlobalSection
	GlobalSection(SolutionProperties) = preSolution
		HideSolutionNode = FALSE
	EndGlobalSection
EndGlobal
